
Microsoft Visual Studio Solution File, Format Version 12.00
# Visual Studio Version 16
VisualStudioVersion = 16.0.29201.188
MinimumVisualStudioVersion = 10.0.40219.1
Project("{9A19103F-16F7-4668-BE54-9A1E7A4F7556}") = "DokanNet", "DokanNet\DokanNet.csproj", "{CD78387D-1136-4143-8B71-1DBC2DD440DF}"
EndProject
Project("{9A19103F-16F7-4668-BE54-9A1E7A4F7556}") = "AGM-Tools_FS", "AGM-Tools_FS\AGM-Tools_FS.csproj", "{F47199F2-DDE4-4998-8D31-F8E8D8A30DA3}"
EndProject
Global
	GlobalSection(SolutionConfigurationPlatforms) = preSolution
		Debug|Any CPU = Debug|Any CPU
		Debug|x64 = Debug|x64
		Debug|x86 = Debug|x86
		Release|Any CPU = Release|Any CPU
		Release|x64 = Release|x64
		Release|x86 = Release|x86
	EndGlobalSection
	GlobalSection(ProjectConfigurationPlatforms) = postSolution
		{CD78387D-1136-4143-8B71-1DBC2DD440DF}.Debug|Any CPU.ActiveCfg = Debug|Any CPU
		{CD78387D-1136-4143-8B71-1DBC2DD440DF}.Debug|Any CPU.Build.0 = Debug|Any CPU
		{CD78387D-1136-4143-8B71-1DBC2DD440DF}.Debug|x64.ActiveCfg = Debug|Any CPU
		{CD78387D-1136-4143-8B71-1DBC2DD440DF}.Debug|x64.Build.0 = Debug|Any CPU
		{CD78387D-1136-4143-8B71-1DBC2DD440DF}.Debug|x86.ActiveCfg = Debug|Any CPU
		{CD78387D-1136-4143-8B71-1DBC2DD440DF}.Debug|x86.Build.0 = Debug|Any CPU
		{CD78387D-1136-4143-8B71-1DBC2DD440DF}.Release|Any CPU.ActiveCfg = Release|Any CPU
		{CD78387D-1136-4143-8B71-1DBC2DD440DF}.Release|Any CPU.Build.0 = Release|Any CPU
		{CD78387D-1136-4143-8B71-1DBC2DD440DF}.Release|x64.ActiveCfg = Release|Any CPU
		{CD78387D-1136-4143-8B71-1DBC2DD440DF}.Release|x64.Build.0 = Release|Any CPU
		{CD78387D-1136-4143-8B71-1DBC2DD440DF}.Release|x86.ActiveCfg = Release|Any CPU
		{CD78387D-1136-4143-8B71-1DBC2DD440DF}.Release|x86.Build.0 = Release|Any CPU
		{F47199F2-DDE4-4998-8D31-F8E8D8A30DA3}.Debug|Any CPU.ActiveCfg = Debug|Any CPU
		{F47199F2-DDE4-4998-8D31-F8E8D8A30DA3}.Debug|Any CPU.Build.0 = Debug|Any CPU
		{F47199F2-DDE4-4998-8D31-F8E8D8A30DA3}.Debug|x64.ActiveCfg = Debug|Any CPU
		{F47199F2-DDE4-4998-8D31-F8E8D8A30DA3}.Debug|x64.Build.0 = Debug|Any CPU
		{F47199F2-DDE4-4998-8D31-F8E8D8A30DA3}.Debug|x86.ActiveCfg = Debug|Any CPU
		{F47199F2-DDE4-4998-8D31-F8E8D8A30DA3}.Debug|x86.Build.0 = Debug|Any CPU
		{F47199F2-DDE4-4998-8D31-F8E8D8A30DA3}.Release|Any CPU.ActiveCfg = Release|Any CPU
		{F47199F2-DDE4-4998-8D31-F8E8D8A30DA3}.Release|Any CPU.Build.0 = Release|Any CPU
		{F47199F2-DDE4-4998-8D31-F8E8D8A30DA3}.Release|x64.ActiveCfg = Release|Any CPU
		{F47199F2-DDE4-4998-8D31-F8E8D8A30DA3}.Release|x64.Build.0 = Release|Any CPU
		{F47199F2-DDE4-4998-8D31-F8E8D8A30DA3}.Release|x86.ActiveCfg = Release|Any CPU
		{F47199F2-DDE4-4998-8D31-F8E8D8A30DA3}.Release|x86.Build.0 = Release|Any CPU
	EndGlobalSection
	GlobalSection(SolutionProperties) = preSolution
		HideSolutionNode = FALSE
	EndGlobalSection
	GlobalSection(ExtensibilityGlobals) = postSolution
		SolutionGuid = {51172050-7948-40EE-810E-6112789D304E}
	EndGlobalSection
EndGlobal
